// !$*UTF8*$!
{
	archiveVersion = 1;
	classes = {
	};
	objectVersion = 56;
	objects = {

/* Begin PBXBuildFile section */
		A10000010000000000000001 /* MediaInventoryApp.swift in Sources */ = {isa = PBXBuildFile; fileRef = A10000010000000000000101 /* MediaInventoryApp.swift */; };
		A10000010000000000000002 /* AppDelegate.swift in Sources */ = {isa = PBXBuildFile; fileRef = A10000010000000000000102 /* AppDelegate.swift */; };
		A10000010000000000000003 /* Models.swift in Sources */ = {isa = PBXBuildFile; fileRef = A10000010000000000000103 /* Models.swift */; };
		A10000010000000000000004 /* APIClient.swift in Sources */ = {isa = PBXBuildFile; fileRef = A10000010000000000000104 /* APIClient.swift */; };
		A10000010000000000000005 /* NotificationManager.swift in Sources */ = {isa = PBXBuildFile; fileRef = A10000010000000000000105 /* NotificationManager.swift */; };
		A10000010000000000000006 /* SearchIndexer.swift in Sources */ = {isa = PBXBuildFile; fileRef = A10000010000000000000106 /* SearchIndexer.swift */; };
		A10000010000000000000007 /* ContentView.swift in Sources */ = {isa = PBXBuildFile; fileRef = A10000010000000000000107 /* ContentView.swift */; };
		A10000010000000000000008 /* DashboardView.swift in Sources */ = {isa = PBXBuildFile; fileRef = A10000010000000000000108 /* DashboardView.swift */; };
		A10000010000000000000009 /* BooksView.swift in Sources */ = {isa = PBXBuildFile; fileRef = A10000010000000000000109 /* BooksView.swift */; };
		A1000001000000000000000A /* GamesView.swift in Sources */ = {isa = PBXBuildFile; fileRef = A1000001000000000000010A /* GamesView.swift */; };
		A1000001000000000000000B /* MoviesView.swift in Sources */ = {isa = PBXBuildFile; fileRef = A1000001000000000000010B /* MoviesView.swift */; };
		A1000001000000000000000C /* BorrowersView.swift in Sources */ = {isa = PBXBuildFile; fileRef = A1000001000000000000010C /* BorrowersView.swift */; };
		A1000001000000000000000D /* CheckoutView.swift in Sources */ = {isa = PBXBuildFile; fileRef = A1000001000000000000010D /* CheckoutView.swift */; };
		A1000001000000000000000E /* ReportsView.swift in Sources */ = {isa = PBXBuildFile; fileRef = A10000010000000000000111 /* ReportsView.swift */; };
		A1000001000000000000000F /* DiagnosticsView.swift in Sources */ = {isa = PBXBuildFile; fileRef = A10000010000000000000112 /* DiagnosticsView.swift */; };
		A10000010000000000000010 /* Assets.xcassets in Resources */ = {isa = PBXBuildFile; fileRef = A10000010000000000000113 /* Assets.xcassets */; };
		A10000010000000000000011 /* ElectronicsView.swift in Sources */ = {isa = PBXBuildFile; fileRef = A10000010000000000000114 /* ElectronicsView.swift */; };
		A10000010000000000000012 /* PrintableReports.swift in Sources */ = {isa = PBXBuildFile; fileRef = A10000010000000000000115 /* PrintableReports.swift */; };
		A10000010000000000000013 /* ICloudDatabaseCoordinator.swift in Sources */ = {isa = PBXBuildFile; fileRef = A10000010000000000000116 /* ICloudDatabaseCoordinator.swift */; };
/* End PBXBuildFile section */

/* Begin PBXFileReference section */
		A10000010000000000000101 /* MediaInventoryApp.swift */ = {isa = PBXFileReference; lastKnownFileType = sourcecode.swift; path = MediaInventoryApp.swift; sourceTree = "<group>"; };
		A10000010000000000000102 /* AppDelegate.swift */ = {isa = PBXFileReference; lastKnownFileType = sourcecode.swift; path = AppDelegate.swift; sourceTree = "<group>"; };
		A10000010000000000000103 /* Models.swift */ = {isa = PBXFileReference; lastKnownFileType = sourcecode.swift; path = Models.swift; sourceTree = "<group>"; };
		A10000010000000000000104 /* APIClient.swift */ = {isa = PBXFileReference; lastKnownFileType = sourcecode.swift; path = APIClient.swift; sourceTree = "<group>"; };
		A10000010000000000000105 /* NotificationManager.swift */ = {isa = PBXFileReference; lastKnownFileType = sourcecode.swift; path = NotificationManager.swift; sourceTree = "<group>"; };
		A10000010000000000000106 /* SearchIndexer.swift */ = {isa = PBXFileReference; lastKnownFileType = sourcecode.swift; path = SearchIndexer.swift; sourceTree = "<group>"; };
		A10000010000000000000107 /* ContentView.swift */ = {isa = PBXFileReference; lastKnownFileType = sourcecode.swift; path = ContentView.swift; sourceTree = "<group>"; };
		A10000010000000000000108 /* DashboardView.swift */ = {isa = PBXFileReference; lastKnownFileType = sourcecode.swift; path = DashboardView.swift; sourceTree = "<group>"; };
		A10000010000000000000109 /* BooksView.swift */ = {isa = PBXFileReference; lastKnownFileType = sourcecode.swift; path = BooksView.swift; sourceTree = "<group>"; };
		A1000001000000000000010A /* GamesView.swift */ = {isa = PBXFileReference; lastKnownFileType = sourcecode.swift; path = GamesView.swift; sourceTree = "<group>"; };
		A1000001000000000000010B /* MoviesView.swift */ = {isa = PBXFileReference; lastKnownFileType = sourcecode.swift; path = MoviesView.swift; sourceTree = "<group>"; };
		A1000001000000000000010C /* BorrowersView.swift */ = {isa = PBXFileReference; lastKnownFileType = sourcecode.swift; path = BorrowersView.swift; sourceTree = "<group>"; };
		A1000001000000000000010D /* CheckoutView.swift */ = {isa = PBXFileReference; lastKnownFileType = sourcecode.swift; path = CheckoutView.swift; sourceTree = "<group>"; };
		A10000010000000000000111 /* ReportsView.swift */ = {isa = PBXFileReference; lastKnownFileType = sourcecode.swift; path = ReportsView.swift; sourceTree = "<group>"; };
		A10000010000000000000112 /* DiagnosticsView.swift */ = {isa = PBXFileReference; lastKnownFileType = sourcecode.swift; path = DiagnosticsView.swift; sourceTree = "<group>"; };
		A10000010000000000000113 /* Assets.xcassets */ = {isa = PBXFileReference; lastKnownFileType = folder.assetcatalog; path = Assets.xcassets; sourceTree = "<group>"; };
		A10000010000000000000114 /* ElectronicsView.swift */ = {isa = PBXFileReference; lastKnownFileType = sourcecode.swift; path = ElectronicsView.swift; sourceTree = "<group>"; };
		A10000010000000000000115 /* PrintableReports.swift */ = {isa = PBXFileReference; lastKnownFileType = sourcecode.swift; path = PrintableReports.swift; sourceTree = "<group>"; };
		A10000010000000000000116 /* ICloudDatabaseCoordinator.swift */ = {isa = PBXFileReference; lastKnownFileType = sourcecode.swift; path = ICloudDatabaseCoordinator.swift; sourceTree = "<group>"; };
		A1000001000000000000010E /* Info.plist */ = {isa = PBXFileReference; lastKnownFileType = text.plist.xml; path = Info.plist; sourceTree = "<group>"; };
		A1000001000000000000010F /* MediaInventory.entitlements */ = {isa = PBXFileReference; lastKnownFileType = text.plist.entitlements; path = ../MediaInventory.entitlements; sourceTree = "<group>"; };
		A10000010000000000000110 /* MediaInventory.app */ = {isa = PBXFileReference; explicitFileType = wrapper.application; includeInIndex = 0; path = MediaInventory.app; sourceTree = BUILT_PRODUCTS_DIR; };
/* End PBXFileReference section */

/* Begin PBXFrameworksBuildPhase section */
		A10000010000000000000201 /* Frameworks */ = {
			isa = PBXFrameworksBuildPhase;
			buildActionMask = 2147483647;
			files = (
			);
			runOnlyForDeploymentPostprocessing = 0;
		};
/* End PBXFrameworksBuildPhase section */

/* Begin PBXGroup section */
		A10000010000000000000301 = {
			isa = PBXGroup;
			children = (
				A10000010000000000000302 /* MediaInventory */,
				A10000010000000000000303 /* Products */,
			);
			sourceTree = "<group>";
		};
		A10000010000000000000302 /* MediaInventory */ = {
			isa = PBXGroup;
			children = (
				A10000010000000000000113 /* Assets.xcassets */,
				A10000010000000000000101 /* MediaInventoryApp.swift */,
				A10000010000000000000116 /* ICloudDatabaseCoordinator.swift */,
				A10000010000000000000114 /* ElectronicsView.swift */,
				A10000010000000000000115 /* PrintableReports.swift */,
				A10000010000000000000102 /* AppDelegate.swift */,
				A10000010000000000000103 /* Models.swift */,
				A10000010000000000000104 /* APIClient.swift */,
				A10000010000000000000105 /* NotificationManager.swift */,
				A10000010000000000000106 /* SearchIndexer.swift */,
				A10000010000000000000107 /* ContentView.swift */,
				A10000010000000000000108 /* DashboardView.swift */,
				A10000010000000000000109 /* BooksView.swift */,
				A1000001000000000000010A /* GamesView.swift */,
				A1000001000000000000010B /* MoviesView.swift */,
				A1000001000000000000010C /* BorrowersView.swift */,
				A1000001000000000000010D /* CheckoutView.swift */,
				A10000010000000000000111 /* ReportsView.swift */,
				A10000010000000000000112 /* DiagnosticsView.swift */,
				A1000001000000000000010E /* Info.plist */,
				A1000001000000000000010F /* MediaInventory.entitlements */,
			);
			path = MediaInventory;
			sourceTree = "<group>";
		};
		A10000010000000000000303 /* Products */ = {
			isa = PBXGroup;
			children = (
				A10000010000000000000110 /* MediaInventory.app */,
			);
			name = Products;
			sourceTree = "<group>";
		};
/* End PBXGroup section */

/* Begin PBXNativeTarget section */
		A10000010000000000000401 /* MediaInventory */ = {
			isa = PBXNativeTarget;
			buildConfigurationList = A10000010000000000000602 /* Build configuration list for PBXNativeTarget "MediaInventory" */;
			buildPhases = (
				A10000010000000000000202 /* Sources */,
				A10000010000000000000201 /* Frameworks */,
				A10000010000000000000203 /* Resources */,
			);
			buildRules = (
			);
			dependencies = (
			);
			name = MediaInventory;
			productName = MediaInventory;
			productReference = A10000010000000000000110 /* MediaInventory.app */;
			productType = "com.apple.product-type.application";
		};
/* End PBXNativeTarget section */

/* Begin PBXProject section */
		A10000010000000000000501 /* Project object */ = {
			isa = PBXProject;
			attributes = {
				BuildIndependentTargetsInParallel = 1;
				LastSwiftUpdateCheck = 1600;
				LastUpgradeCheck = 1600;
				TargetAttributes = {
					A10000010000000000000401 = {
						CreatedOnToolsVersion = 16.0;
					};
				};
			};
			buildConfigurationList = A10000010000000000000601 /* Build configuration list for PBXProject "MediaInventory" */;
			compatibilityVersion = "Xcode 14.0";
			developmentRegion = en;
			hasScannedForEncodings = 0;
			knownRegions = (
				en,
				Base,
			);
			mainGroup = A10000010000000000000301;
			productRefGroup = A10000010000000000000303 /* Products */;
			projectDirPath = "";
			projectRoot = "";
			targets = (
				A10000010000000000000401 /* MediaInventory */,
			);
		};
/* End PBXProject section */

/* Begin PBXResourcesBuildPhase section */
		A10000010000000000000203 /* Resources */ = {
			isa = PBXResourcesBuildPhase;
			buildActionMask = 2147483647;
			files = (
				A10000010000000000000010 /* Assets.xcassets in Resources */,
			);
			runOnlyForDeploymentPostprocessing = 0;
		};
/* End PBXResourcesBuildPhase section */

/* Begin PBXSourcesBuildPhase section */
		A10000010000000000000202 /* Sources */ = {
			isa = PBXSourcesBuildPhase;
			buildActionMask = 2147483647;
			files = (
				A10000010000000000000001 /* MediaInventoryApp.swift in Sources */,
				A10000010000000000000002 /* AppDelegate.swift in Sources */,
				A10000010000000000000003 /* Models.swift in Sources */,
				A10000010000000000000004 /* APIClient.swift in Sources */,
				A10000010000000000000005 /* NotificationManager.swift in Sources */,
				A10000010000000000000006 /* SearchIndexer.swift in Sources */,
				A10000010000000000000007 /* ContentView.swift in Sources */,
				A10000010000000000000008 /* DashboardView.swift in Sources */,
				A10000010000000000000009 /* BooksView.swift in Sources */,
				A1000001000000000000000A /* GamesView.swift in Sources */,
				A1000001000000000000000B /* MoviesView.swift in Sources */,
				A1000001000000000000000C /* BorrowersView.swift in Sources */,
				A1000001000000000000000D /* CheckoutView.swift in Sources */,
				A1000001000000000000000E /* ReportsView.swift in Sources */,
				A1000001000000000000000F /* DiagnosticsView.swift in Sources */,
				A10000010000000000000011 /* ElectronicsView.swift in Sources */,
				A10000010000000000000012 /* PrintableReports.swift in Sources */,
				A10000010000000000000013 /* ICloudDatabaseCoordinator.swift in Sources */,
			);
			runOnlyForDeploymentPostprocessing = 0;
		};
/* End PBXSourcesBuildPhase section */

/* Begin XCBuildConfiguration section */
		A10000010000000000000701 /* Debug */ = {
			isa = XCBuildConfiguration;
			buildSettings = {
				ALWAYS_SEARCH_USER_PATHS = NO;
				CLANG_ENABLE_MODULES = YES;
				CLANG_ENABLE_OBJC_ARC = YES;
				COPY_PHASE_STRIP = NO;
				DEBUG_INFORMATION_FORMAT = dwarf;
				GCC_C_LANGUAGE_STANDARD = gnu17;
				GCC_OPTIMIZATION_LEVEL = 0;
				MACOSX_DEPLOYMENT_TARGET = 13.0;
				ONLY_ACTIVE_ARCH = YES;
				SDKROOT = macosx;
				SWIFT_ACTIVE_COMPILATION_CONDITIONS = DEBUG;
				SWIFT_OPTIMIZATION_LEVEL = "-Onone";
			};
			name = Debug;
		};
		A10000010000000000000702 /* Release */ = {
			isa = XCBuildConfiguration;
			buildSettings = {
				ALWAYS_SEARCH_USER_PATHS = NO;
				CLANG_ENABLE_MODULES = YES;
				CLANG_ENABLE_OBJC_ARC = YES;
				COPY_PHASE_STRIP = NO;
				DEBUG_INFORMATION_FORMAT = "dwarf-with-dsym";
				GCC_C_LANGUAGE_STANDARD = gnu17;
				MACOSX_DEPLOYMENT_TARGET = 13.0;
				SDKROOT = macosx;
				SWIFT_COMPILATION_MODE = wholemodule;
				SWIFT_OPTIMIZATION_LEVEL = "-O";
			};
			name = Release;
		};
		A10000010000000000000703 /* Debug */ = {
			isa = XCBuildConfiguration;
			buildSettings = {
				ASSETCATALOG_COMPILER_APPICON_NAME = AppIcon;
				CODE_SIGN_ENTITLEMENTS = MediaInventory.entitlements;
				CODE_SIGN_IDENTITY = "Apple Development";
				CODE_SIGN_STYLE = Automatic;
				CODE_SIGNING_ALLOWED = YES;
				CODE_SIGNING_REQUIRED = YES;
				CURRENT_PROJECT_VERSION = 1;
				DEVELOPMENT_TEAM = "";
				GENERATE_INFOPLIST_FILE = NO;
				INFOPLIST_FILE = MediaInventory/Info.plist;
				LD_RUNPATH_SEARCH_PATHS = (
					"$(inherited)",
					"@executable_path/../Frameworks",
				);
				MACOSX_DEPLOYMENT_TARGET = 13.0;
				MARKETING_VERSION = 1.0;
				PRODUCT_BUNDLE_IDENTIFIER = com.erickhofer.MediaInventory;
				PRODUCT_NAME = "Daysting's Home Inventory System";
				SWIFT_EMIT_LOC_STRINGS = YES;
				SWIFT_VERSION = 5.0;
			};
			name = Debug;
		};
		A10000010000000000000704 /* Release */ = {
			isa = XCBuildConfiguration;
			buildSettings = {
				ASSETCATALOG_COMPILER_APPICON_NAME = AppIcon;
				CODE_SIGN_ENTITLEMENTS = MediaInventory.entitlements;
				CODE_SIGN_IDENTITY = "Apple Development";
				CODE_SIGN_STYLE = Automatic;
				CODE_SIGNING_ALLOWED = YES;
				CODE_SIGNING_REQUIRED = YES;
				CURRENT_PROJECT_VERSION = 1;
				DEVELOPMENT_TEAM = "";
				GENERATE_INFOPLIST_FILE = NO;
				INFOPLIST_FILE = MediaInventory/Info.plist;
				LD_RUNPATH_SEARCH_PATHS = (
					"$(inherited)",
					"@executable_path/../Frameworks",
				);
				MACOSX_DEPLOYMENT_TARGET = 13.0;
				MARKETING_VERSION = 1.0;
				PRODUCT_BUNDLE_IDENTIFIER = com.erickhofer.MediaInventory;
				PRODUCT_NAME = "Daysting's Home Inventory System";
				SWIFT_EMIT_LOC_STRINGS = YES;
				SWIFT_VERSION = 5.0;
			};
			name = Release;
		};
/* End XCBuildConfiguration section */

/* Begin XCConfigurationList section */
		A10000010000000000000601 /* Build configuration list for PBXProject "MediaInventory" */ = {
			isa = XCConfigurationList;
			buildConfigurations = (
				A10000010000000000000701 /* Debug */,
				A10000010000000000000702 /* Release */,
			);
			defaultConfigurationIsVisible = 0;
			defaultConfigurationName = Release;
		};
		A10000010000000000000602 /* Build configuration list for PBXNativeTarget "MediaInventory" */ = {
			isa = XCConfigurationList;
			buildConfigurations = (
				A10000010000000000000703 /* Debug */,
				A10000010000000000000704 /* Release */,
			);
			defaultConfigurationIsVisible = 0;
			defaultConfigurationName = Release;
		};
/* End XCConfigurationList section */
	};
	rootObject = A10000010000000000000501 /* Project object */;
}
